// !$*UTF8*$!
{
	archiveVersion = 1;
	classes = {
	};
	objectVersion = 50;
	objects = {

/* Begin PBXBuildFile section */
		62642F30216B435B00E4CA30 /* AppDelegate.swift in Sources */ = {isa = PBXBuildFile; fileRef = 62642F2F216B435B00E4CA30 /* AppDelegate.swift */; };
		62642F32216B435B00E4CA30 /* ViewController.swift in Sources */ = {isa = PBXBuildFile; fileRef = 62642F31216B435B00E4CA30 /* ViewController.swift */; };
		62642F35216B435B00E4CA30 /* Main.storyboard in Resources */ = {isa = PBXBuildFile; fileRef = 62642F33216B435B00E4CA30 /* Main.storyboard */; };
		62642F37216B435D00E4CA30 /* Assets.xcassets in Resources */ = {isa = PBXBuildFile; fileRef = 62642F36216B435D00E4CA30 /* Assets.xcassets */; };
		62642F3A216B435D00E4CA30 /* LaunchScreen.storyboard in Resources */ = {isa = PBXBuildFile; fileRef = 62642F38216B435D00E4CA30 /* LaunchScreen.storyboard */; };
		62642F45216B435E00E4CA30 /* eyeAppTests.swift in Sources */ = {isa = PBXBuildFile; fileRef = 62642F44216B435E00E4CA30 /* eyeAppTests.swift */; };
/* End PBXBuildFile section */

/* Begin PBXContainerItemProxy section */
		62642F41216B435E00E4CA30 /* PBXContainerItemProxy */ = {
			isa = PBXContainerItemProxy;
			containerPortal = 62642F24216B435B00E4CA30 /* Project object */;
			proxyType = 1;
			remoteGlobalIDString = 62642F2B216B435B00E4CA30;
			remoteInfo = eyeApp;
		};
/* End PBXContainerItemProxy section */

/* Begin PBXFileReference section */
		62642F2C216B435B00E4CA30 /* eyeApp.app */ = {isa = PBXFileReference; explicitFileType = wrapper.application; includeInIndex = 0; path = eyeApp.app; sourceTree = BUILT_PRODUCTS_DIR; };
		62642F2F216B435B00E4CA30 /* AppDelegate.swift */ = {isa = PBXFileReference; lastKnownFileType = sourcecode.swift; path = AppDelegate.swift; sourceTree = "<group>"; };
		62642F31216B435B00E4CA30 /* ViewController.swift */ = {isa = PBXFileReference; lastKnownFileType = sourcecode.swift; path = ViewController.swift; sourceTree = "<group>"; };
		62642F34216B435B00E4CA30 /* Base */ = {isa = PBXFileReference; lastKnownFileType = file.storyboard; name = Base; path = Base.lproj/Main.storyboard; sourceTree = "<group>"; };
		62642F36216B435D00E4CA30 /* Assets.xcassets */ = {isa = PBXFileReference; lastKnownFileType = folder.assetcatalog; path = Assets.xcassets; sourceTree = "<group>"; };
		62642F39216B435D00E4CA30 /* Base */ = {isa = PBXFileReference; lastKnownFileType = file.storyboard; name = Base; path = Base.lproj/LaunchScreen.storyboard; sourceTree = "<group>"; };
		62642F3B216B435D00E4CA30 /* Info.plist */ = {isa = PBXFileReference; lastKnownFileType = text.plist.xml; path = Info.plist; sourceTree = "<group>"; };
		62642F40216B435E00E4CA30 /* eyeAppTests.xctest */ = {isa = PBXFileReference; explicitFileType = wrapper.cfbundle; includeInIndex = 0; path = eyeAppTests.xctest; sourceTree = BUILT_PRODUCTS_DIR; };
		62642F44216B435E00E4CA30 /* eyeAppTests.swift */ = {isa = PBXFileReference; lastKnownFileType = sourcecode.swift; path = eyeAppTests.swift; sourceTree = "<group>"; };
		62642F46216B435E00E4CA30 /* Info.plist */ = {isa = PBXFileReference; lastKnownFileType = text.plist.xml; path = Info.plist; sourceTree = "<group>"; };
/* End PBXFileReference section */

/* Begin PBXFrameworksBuildPhase section */
		62642F29216B435B00E4CA30 /* Frameworks */ = {
			isa = PBXFrameworksBuildPhase;
			buildActionMask = 2147483647;
			files = (
			);
			runOnlyForDeploymentPostprocessing = 0;
		};
		62642F3D216B435E00E4CA30 /* Frameworks */ = {
			isa = PBXFrameworksBuildPhase;
			buildActionMask = 2147483647;
			files = (
			);
			runOnlyForDeploymentPostprocessing = 0;
		};
/* End PBXFrameworksBuildPhase section */

/* Begin PBXGroup section */
		62642F23216B435B00E4CA30 = {
			isa = PBXGroup;
			children = (
				62642F2E216B435B00E4CA30 /* eyeApp */,
				62642F43216B435E00E4CA30 /* eyeAppTests */,
				62642F2D216B435B00E4CA30 /* Products */,
			);
			sourceTree = "<group>";
		};
		62642F2D216B435B00E4CA30 /* Products */ = {
			isa = PBXGroup;
			children = (
				62642F2C216B435B00E4CA30 /* eyeApp.app */,
				62642F40216B435E00E4CA30 /* eyeAppTests.xctest */,
			);
			name = Products;
			sourceTree = "<group>";
		};
		62642F2E216B435B00E4CA30 /* eyeApp */ = {
			isa = PBXGroup;
			children = (
				62642F2F216B435B00E4CA30 /* AppDelegate.swift */,
				62642F31216B435B00E4CA30 /* ViewController.swift */,
				62642F33216B435B00E4CA30 /* Main.storyboard */,
				62642F36216B435D00E4CA30 /* Assets.xcassets */,
				62642F38216B435D00E4CA30 /* LaunchScreen.storyboard */,
				62642F3B216B435D00E4CA30 /* Info.plist */,
			);
			path = eyeApp;
			sourceTree = "<group>";
		};
		62642F43216B435E00E4CA30 /* eyeAppTests */ = {
			isa = PBXGroup;
			children = (
				62642F44216B435E00E4CA30 /* eyeAppTests.swift */,
				62642F46216B435E00E4CA30 /* Info.plist */,
			);
			path = eyeAppTests;
			sourceTree = "<group>";
		};
/* End PBXGroup section */

/* Begin PBXNativeTarget section */
		62642F2B216B435B00E4CA30 /* eyeApp */ = {
			isa = PBXNativeTarget;
			buildConfigurationList = 62642F49216B435E00E4CA30 /* Build configuration list for PBXNativeTarget "eyeApp" */;
			buildPhases = (
				62642F28216B435B00E4CA30 /* Sources */,
				62642F29216B435B00E4CA30 /* Frameworks */,
				62642F2A216B435B00E4CA30 /* Resources */,
			);
			buildRules = (
			);
			dependencies = (
			);
			name = eyeApp;
			productName = eyeApp;
			productReference = 62642F2C216B435B00E4CA30 /* eyeApp.app */;
			productType = "com.apple.product-type.application";
		};
		62642F3F216B435E00E4CA30 /* eyeAppTests */ = {
			isa = PBXNativeTarget;
			buildConfigurationList = 62642F4C216B435E00E4CA30 /* Build configuration list for PBXNativeTarget "eyeAppTests" */;
			buildPhases = (
				62642F3C216B435E00E4CA30 /* Sources */,
				62642F3D216B435E00E4CA30 /* Frameworks */,
				62642F3E216B435E00E4CA30 /* Resources */,
			);
			buildRules = (
			);
			dependencies = (
				62642F42216B435E00E4CA30 /* PBXTargetDependency */,
			);
			name = eyeAppTests;
			productName = eyeAppTests;
			productReference = 62642F40216B435E00E4CA30 /* eyeAppTests.xctest */;
			productType = "com.apple.product-type.bundle.unit-test";
		};
/* End PBXNativeTarget section */

/* Begin PBXProject section */
		62642F24216B435B00E4CA30 /* Project object */ = {
			isa = PBXProject;
			attributes = {
				LastSwiftUpdateCheck = 0930;
				LastUpgradeCheck = 0930;
				ORGANIZATIONNAME = "周涛";
				TargetAttributes = {
					62642F2B216B435B00E4CA30 = {
						CreatedOnToolsVersion = 9.3;
					};
					62642F3F216B435E00E4CA30 = {
						CreatedOnToolsVersion = 9.3;
						TestTargetID = 62642F2B216B435B00E4CA30;
					};
				};
			};
			buildConfigurationList = 62642F27216B435B00E4CA30 /* Build configuration list for PBXProject "eyeApp" */;
			compatibilityVersion = "Xcode 9.3";
			developmentRegion = en;
			hasScannedForEncodings = 0;
			knownRegions = (
				en,
				Base,
			);
			mainGroup = 62642F23216B435B00E4CA30;
			productRefGroup = 62642F2D216B435B00E4CA30 /* Products */;
			projectDirPath = "";
			projectRoot = "";
			targets = (
				62642F2B216B435B00E4CA30 /* eyeApp */,
				62642F3F216B435E00E4CA30 /* eyeAppTests */,
			);
		};
/* End PBXProject section */

/* Begin PBXResourcesBuildPhase section */
		62642F2A216B435B00E4CA30 /* Resources */ = {
			isa = PBXResourcesBuildPhase;
			buildActionMask = 2147483647;
			files = (
				62642F3A216B435D00E4CA30 /* LaunchScreen.storyboard in Resources */,
				62642F37216B435D00E4CA30 /* Assets.xcassets in Resources */,
				62642F35216B435B00E4CA30 /* Main.storyboard in Resources */,
			);
			runOnlyForDeploymentPostprocessing = 0;
		};
		62642F3E216B435E00E4CA30 /* Resources */ = {
			isa = PBXResourcesBuildPhase;
			buildActionMask = 2147483647;
			files = (
			);
			runOnlyForDeploymentPostprocessing = 0;
		};
/* End PBXResourcesBuildPhase section */

/* Begin PBXSourcesBuildPhase section */
		62642F28216B435B00E4CA30 /* Sources */ = {
			isa = PBXSourcesBuildPhase;
			buildActionMask = 2147483647;
			files = (
				62642F32216B435B00E4CA30 /* ViewController.swift in Sources */,
				62642F30216B435B00E4CA30 /* AppDelegate.swift in Sources */,
			);
			runOnlyForDeploymentPostprocessing = 0;
		};
		62642F3C216B435E00E4CA30 /* Sources */ = {
			isa = PBXSourcesBuildPhase;
			buildActionMask = 2147483647;
			files = (
				62642F45216B435E00E4CA30 /* eyeAppTests.swift in Sources */,
			);
			runOnlyForDeploymentPostprocessing = 0;
		};
/* End PBXSourcesBuildPhase section */

/* Begin PBXTargetDependency section */
		62642F42216B435E00E4CA30 /* PBXTargetDependency */ = {
			isa = PBXTargetDependency;
			target = 62642F2B216B435B00E4CA30 /* eyeApp */;
			targetProxy = 62642F41216B435E00E4CA30 /* PBXContainerItemProxy */;
		};
/* End PBXTargetDependency section */

/* Begin PBXVariantGroup section */
		62642F33216B435B00E4CA30 /* Main.storyboard */ = {
			isa = PBXVariantGroup;
			children = (
				62642F34216B435B00E4CA30 /* Base */,
			);
			name = Main.storyboard;
			sourceTree = "<group>";
		};
		62642F38216B435D00E4CA30 /* LaunchScreen.storyboard */ = {
			isa = PBXVariantGroup;
			children = (
				62642F39216B435D00E4CA30 /* Base */,
			);
			name = LaunchScreen.storyboard;
			sourceTree = "<group>";
		};
/* End PBXVariantGroup section */

/* Begin XCBuildConfiguration section */
		62642F47216B435E00E4CA30 /* Debug */ = {
			isa = XCBuildConfiguration;
			buildSettings = {
				ALWAYS_SEARCH_USER_PATHS = NO;
				CLANG_ANALYZER_NONNULL = YES;
				CLANG_ANALYZER_NUMBER_OBJECT_CONVERSION = YES_AGGRESSIVE;
				CLANG_CXX_LANGUAGE_STANDARD = "gnu++14";
				CLANG_CXX_LIBRARY = "libc++";
				CLANG_ENABLE_MODULES = YES;
				CLANG_ENABLE_OBJC_ARC = YES;
				CLANG_ENABLE_OBJC_WEAK = YES;
				CLANG_WARN_BLOCK_CAPTURE_AUTORELEASING = YES;
				CLANG_WARN_BOOL_CONVERSION = YES;
				CLANG_WARN_COMMA = YES;
				CLANG_WARN_CONSTANT_CONVERSION = YES;
				CLANG_WARN_DEPRECATED_OBJC_IMPLEMENTATIONS = YES;
				CLANG_WARN_DIRECT_OBJC_ISA_USAGE = YES_ERROR;
				CLANG_WARN_DOCUMENTATION_COMMENTS = YES;
				CLANG_WARN_EMPTY_BODY = YES;
				CLANG_WARN_ENUM_CONVERSION = YES;
				CLANG_WARN_INFINITE_RECURSION = YES;
				CLANG_WARN_INT_CONVERSION = YES;
				CLANG_WARN_NON_LITERAL_NULL_CONVERSION = YES;
				CLANG_WARN_OBJC_IMPLICIT_RETAIN_SELF = YES;
				CLANG_WARN_OBJC_LITERAL_CONVERSION = YES;
				CLANG_WARN_OBJC_ROOT_CLASS = YES_ERROR;
				CLANG_WARN_RANGE_LOOP_ANALYSIS = YES;
				CLANG_WARN_STRICT_PROTOTYPES = YES;
				CLANG_WARN_SUSPICIOUS_MOVE = YES;
				CLANG_WARN_UNGUARDED_AVAILABILITY = YES_AGGRESSIVE;
				CLANG_WARN_UNREACHABLE_CODE = YES;
				CLANG_WARN__DUPLICATE_METHOD_MATCH = YES;
				CODE_SIGN_IDENTITY = "iPhone Developer";
				COPY_PHASE_STRIP = NO;
				DEBUG_INFORMATION_FORMAT = dwarf;
				ENABLE_STRICT_OBJC_MSGSEND = YES;
				ENABLE_TESTABILITY = YES;
				GCC_C_LANGUAGE_STANDARD = gnu11;
				GCC_DYNAMIC_NO_PIC = NO;
				GCC_NO_COMMON_BLOCKS = YES;
				GCC_OPTIMIZATION_LEVEL = 0;
				GCC_PREPROCESSOR_DEFINITIONS = (
					"DEBUG=1",
					"$(inherited)",
				);
				GCC_WARN_64_TO_32_BIT_CONVERSION = YES;
				GCC_WARN_ABOUT_RETURN_TYPE = YES_ERROR;
				GCC_WARN_UNDECLARED_SELECTOR = YES;
				GCC_WARN_UNINITIALIZED_AUTOS = YES_AGGRESSIVE;
				GCC_WARN_UNUSED_FUNCTION = YES;
				GCC_WARN_UNUSED_VARIABLE = YES;
				IPHONEOS_DEPLOYMENT_TARGET = 11.3;
				MTL_ENABLE_DEBUG_INFO = YES;
				ONLY_ACTIVE_ARCH = YES;
				SDKROOT = iphoneos;
				SWIFT_ACTIVE_COMPILATION_CONDITIONS = DEBUG;
				SWIFT_OPTIMIZATION_LEVEL = "-Onone";
			};
			name = Debug;
		};
		62642F48216B435E00E4CA30 /* Release */ = {
			isa = XCBuildConfiguration;
			buildSettings = {
				ALWAYS_SEARCH_USER_PATHS = NO;
				CLANG_ANALYZER_NONNULL = YES;
				CLANG_ANALYZER_NUMBER_OBJECT_CONVERSION = YES_AGGRESSIVE;
				CLANG_CXX_LANGUAGE_STANDARD = "gnu++14";
				CLANG_CXX_LIBRARY = "libc++";
				CLANG_ENABLE_MODULES = YES;
				CLANG_ENABLE_OBJC_ARC = YES;
				CLANG_ENABLE_OBJC_WEAK = YES;
				CLANG_WARN_BLOCK_CAPTURE_AUTORELEASING = YES;
				CLANG_WARN_BOOL_CONVERSION = YES;
				CLANG_WARN_COMMA = YES;
				CLANG_WARN_CONSTANT_CONVERSION = YES;
				CLANG_WARN_DEPRECATED_OBJC_IMPLEMENTATIONS = YES;
				CLANG_WARN_DIRECT_OBJC_ISA_USAGE = YES_ERROR;
				CLANG_WARN_DOCUMENTATION_COMMENTS = YES;
				CLANG_WARN_EMPTY_BODY = YES;
				CLANG_WARN_ENUM_CONVERSION = YES;
				CLANG_WARN_INFINITE_RECURSION = YES;
				CLANG_WARN_INT_CONVERSION = YES;
				CLANG_WARN_NON_LITERAL_NULL_CONVERSION = YES;
				CLANG_WARN_OBJC_IMPLICIT_RETAIN_SELF = YES;
				CLANG_WARN_OBJC_LITERAL_CONVERSION = YES;
				CLANG_WARN_OBJC_ROOT_CLASS = YES_ERROR;
				CLANG_WARN_RANGE_LOOP_ANALYSIS = YES;
				CLANG_WARN_STRICT_PROTOTYPES = YES;
				CLANG_WARN_SUSPICIOUS_MOVE = YES;
				CLANG_WARN_UNGUARDED_AVAILABILITY = YES_AGGRESSIVE;
				CLANG_WARN_UNREACHABLE_CODE = YES;
				CLANG_WARN__DUPLICATE_METHOD_MATCH = YES;
				CODE_SIGN_IDENTITY = "iPhone Developer";
				COPY_PHASE_STRIP = NO;
				DEBUG_INFORMATION_FORMAT = "dwarf-with-dsym";
				ENABLE_NS_ASSERTIONS = NO;
				ENABLE_STRICT_OBJC_MSGSEND = YES;
				GCC_C_LANGUAGE_STANDARD = gnu11;
				GCC_NO_COMMON_BLOCKS = YES;
				GCC_WARN_64_TO_32_BIT_CONVERSION = YES;
				GCC_WARN_ABOUT_RETURN_TYPE = YES_ERROR;
				GCC_WARN_UNDECLARED_SELECTOR = YES;
				GCC_WARN_UNINITIALIZED_AUTOS = YES_AGGRESSIVE;
				GCC_WARN_UNUSED_FUNCTION = YES;
				GCC_WARN_UNUSED_VARIABLE = YES;
				IPHONEOS_DEPLOYMENT_TARGET = 11.3;
				MTL_ENABLE_DEBUG_INFO = NO;
				SDKROOT = iphoneos;
				SWIFT_COMPILATION_MODE = wholemodule;
				SWIFT_OPTIMIZATION_LEVEL = "-O";
				VALIDATE_PRODUCT = YES;
			};
			name = Release;
		};
		62642F4A216B435E00E4CA30 /* Debug */ = {
			isa = XCBuildConfiguration;
			buildSettings = {
				ASSETCATALOG_COMPILER_APPICON_NAME = AppIcon;
				CODE_SIGN_STYLE = Automatic;
				DEVELOPMENT_TEAM = 7FF27GA5AU;
				INFOPLIST_FILE = eyeApp/Info.plist;
				LD_RUNPATH_SEARCH_PATHS = (
					"$(inherited)",
					"@executable_path/Frameworks",
				);
				PRODUCT_BUNDLE_IDENTIFIER = zhoutao.eyeApp;
				PRODUCT_NAME = "$(TARGET_NAME)";
				SWIFT_VERSION = 4.0;
				TARGETED_DEVICE_FAMILY = "1,2";
			};
			name = Debug;
		};
		62642F4B216B435E00E4CA30 /* Release */ = {
			isa = XCBuildConfiguration;
			buildSettings = {
				ASSETCATALOG_COMPILER_APPICON_NAME = AppIcon;
				CODE_SIGN_STYLE = Automatic;
				DEVELOPMENT_TEAM = 7FF27GA5AU;
				INFOPLIST_FILE = eyeApp/Info.plist;
				LD_RUNPATH_SEARCH_PATHS = (
					"$(inherited)",
					"@executable_path/Frameworks",
				);
				PRODUCT_BUNDLE_IDENTIFIER = zhoutao.eyeApp;
				PRODUCT_NAME = "$(TARGET_NAME)";
				SWIFT_VERSION = 4.0;
				TARGETED_DEVICE_FAMILY = "1,2";
			};
			name = Release;
		};
		62642F4D216B435E00E4CA30 /* Debug */ = {
			isa = XCBuildConfiguration;
			buildSettings = {
				ALWAYS_EMBED_SWIFT_STANDARD_LIBRARIES = YES;
				BUNDLE_LOADER = "$(TEST_HOST)";
				CODE_SIGN_STYLE = Automatic;
				DEVELOPMENT_TEAM = 7FF27GA5AU;
				INFOPLIST_FILE = eyeAppTests/Info.plist;
				LD_RUNPATH_SEARCH_PATHS = (
					"$(inherited)",
					"@executable_path/Frameworks",
					"@loader_path/Frameworks",
				);
				PRODUCT_BUNDLE_IDENTIFIER = zhoutao.eyeAppTests;
				PRODUCT_NAME = "$(TARGET_NAME)";
				SWIFT_VERSION = 4.0;
				TARGETED_DEVICE_FAMILY = "1,2";
				TEST_HOST = "$(BUILT_PRODUCTS_DIR)/eyeApp.app/eyeApp";
			};
			name = Debug;
		};
		62642F4E216B435E00E4CA30 /* Release */ = {
			isa = XCBuildConfiguration;
			buildSettings = {
				ALWAYS_EMBED_SWIFT_STANDARD_LIBRARIES = YES;
				BUNDLE_LOADER = "$(TEST_HOST)";
				CODE_SIGN_STYLE = Automatic;
				DEVELOPMENT_TEAM = 7FF27GA5AU;
				INFOPLIST_FILE = eyeAppTests/Info.plist;
				LD_RUNPATH_SEARCH_PATHS = (
					"$(inherited)",
					"@executable_path/Frameworks",
					"@loader_path/Frameworks",
				);
				PRODUCT_BUNDLE_IDENTIFIER = zhoutao.eyeAppTests;
				PRODUCT_NAME = "$(TARGET_NAME)";
				SWIFT_VERSION = 4.0;
				TARGETED_DEVICE_FAMILY = "1,2";
				TEST_HOST = "$(BUILT_PRODUCTS_DIR)/eyeApp.app/eyeApp";
			};
			name = Release;
		};
/* End XCBuildConfiguration section */

/* Begin XCConfigurationList section */
		62642F27216B435B00E4CA30 /* Build configuration list for PBXProject "eyeApp" */ = {
			isa = XCConfigurationList;
			buildConfigurations = (
				62642F47216B435E00E4CA30 /* Debug */,
				62642F48216B435E00E4CA30 /* Release */,
			);
			defaultConfigurationIsVisible = 0;
			defaultConfigurationName = Release;
		};
		62642F49216B435E00E4CA30 /* Build configuration list for PBXNativeTarget "eyeApp" */ = {
			isa = XCConfigurationList;
			buildConfigurations = (
				62642F4A216B435E00E4CA30 /* Debug */,
				62642F4B216B435E00E4CA30 /* Release */,
			);
			defaultConfigurationIsVisible = 0;
			defaultConfigurationName = Release;
		};
		62642F4C216B435E00E4CA30 /* Build configuration list for PBXNativeTarget "eyeAppTests" */ = {
			isa = XCConfigurationList;
			buildConfigurations = (
				62642F4D216B435E00E4CA30 /* Debug */,
				62642F4E216B435E00E4CA30 /* Release */,
			);
			defaultConfigurationIsVisible = 0;
			defaultConfigurationName = Release;
		};
/* End XCConfigurationList section */
	};
	rootObject = 62642F24216B435B00E4CA30 /* Project object */;
}
